
Microsoft Visual Studio Solution File, Format Version 12.00
# Visual Studio Version 16
VisualStudioVersion = 16.0.32630.194
MinimumVisualStudioVersion = 10.0.40219.1
Project("{FAE04EC0-301F-11D3-BF4B-00C04F79EFBC}") = "FilmSitesi", "FilmSitesi.csproj", "{FF8795AD-989A-4749-9BB8-FE865493F8CF}"
EndProject
Global
	GlobalSection(SolutionConfigurationPlatforms) = preSolution
		Debug|Any CPU = Debug|Any CPU
		Release|Any CPU = Release|Any CPU
	EndGlobalSection
	GlobalSection(ProjectConfigurationPlatforms) = postSolution
		{FF8795AD-989A-4749-9BB8-FE865493F8CF}.Debug|Any CPU.ActiveCfg = Debug|Any CPU
		{FF8795AD-989A-4749-9BB8-FE865493F8CF}.Debug|Any CPU.Build.0 = Debug|Any CPU
		{FF8795AD-989A-4749-9BB8-FE865493F8CF}.Release|Any CPU.ActiveCfg = Release|Any CPU
		{FF8795AD-989A-4749-9BB8-FE865493F8CF}.Release|Any CPU.Build.0 = Release|Any CPU
	EndGlobalSection
	GlobalSection(SolutionProperties) = preSolution
		HideSolutionNode = FALSE
	EndGlobalSection
	GlobalSection(ExtensibilityGlobals) = postSolution
		SolutionGuid = {3C17238E-7E77-4227-AC9B-DA5855FEFDD3}
	EndGlobalSection
EndGlobal
